// !$*UTF8*$!
{
	archiveVersion = 1;
	classes = {
	};
	objectVersion = 56;
	objects = {

/* Begin PBXBuildFile section */
		7C47A6412A348EEE00F6B104 /* AfricaApp.swift in Sources */ = {isa = PBXBuildFile; fileRef = 7C47A6402A348EEE00F6B104 /* AfricaApp.swift */; };
		7C47A6432A348EEE00F6B104 /* ContentView.swift in Sources */ = {isa = PBXBuildFile; fileRef = 7C47A6422A348EEE00F6B104 /* ContentView.swift */; };
		7C47A6452A348EF000F6B104 /* Assets.xcassets in Resources */ = {isa = PBXBuildFile; fileRef = 7C47A6442A348EF000F6B104 /* Assets.xcassets */; };
		7C47A6482A348EF000F6B104 /* Preview Assets.xcassets in Resources */ = {isa = PBXBuildFile; fileRef = 7C47A6472A348EF000F6B104 /* Preview Assets.xcassets */; };
		7C7826772A34EC8600668E7B /* VideoListView.swift in Sources */ = {isa = PBXBuildFile; fileRef = 7C7826762A34EC8600668E7B /* VideoListView.swift */; };
		7C7826792A34ECA400668E7B /* MapView.swift in Sources */ = {isa = PBXBuildFile; fileRef = 7C7826782A34ECA400668E7B /* MapView.swift */; };
		7C78267B2A34ECB800668E7B /* GalleryView.swift in Sources */ = {isa = PBXBuildFile; fileRef = 7C78267A2A34ECB800668E7B /* GalleryView.swift */; };
		7C78267D2A34ECD700668E7B /* MainView.swift in Sources */ = {isa = PBXBuildFile; fileRef = 7C78267C2A34ECD700668E7B /* MainView.swift */; };
		7C7826932A34FC1400668E7B /* lion.mp4 in Resources */ = {isa = PBXBuildFile; fileRef = 7C7826892A34FC1100668E7B /* lion.mp4 */; };
		7C7826942A34FC1400668E7B /* ostrich.mp4 in Resources */ = {isa = PBXBuildFile; fileRef = 7C78268A2A34FC1200668E7B /* ostrich.mp4 */; };
		7C7826952A34FC1400668E7B /* giraffe.mp4 in Resources */ = {isa = PBXBuildFile; fileRef = 7C78268B2A34FC1200668E7B /* giraffe.mp4 */; };
		7C7826962A34FC1400668E7B /* cheetah.mp4 in Resources */ = {isa = PBXBuildFile; fileRef = 7C78268C2A34FC1200668E7B /* cheetah.mp4 */; };
		7C7826972A34FC1400668E7B /* lioness.mp4 in Resources */ = {isa = PBXBuildFile; fileRef = 7C78268D2A34FC1300668E7B /* lioness.mp4 */; };
		7C7826982A34FC1400668E7B /* hippo.mp4 in Resources */ = {isa = PBXBuildFile; fileRef = 7C78268E2A34FC1300668E7B /* hippo.mp4 */; };
		7C7826992A34FC1400668E7B /* rhino.mp4 in Resources */ = {isa = PBXBuildFile; fileRef = 7C78268F2A34FC1300668E7B /* rhino.mp4 */; };
		7C78269A2A34FC1400668E7B /* zebra.mp4 in Resources */ = {isa = PBXBuildFile; fileRef = 7C7826902A34FC1300668E7B /* zebra.mp4 */; };
		7C78269B2A34FC1400668E7B /* gorilla.mp4 in Resources */ = {isa = PBXBuildFile; fileRef = 7C7826912A34FC1400668E7B /* gorilla.mp4 */; };
		7C78269C2A34FC1400668E7B /* elephant.mp4 in Resources */ = {isa = PBXBuildFile; fileRef = 7C7826922A34FC1400668E7B /* elephant.mp4 */; };
		7C7826A22A34FC3A00668E7B /* covers.json in Resources */ = {isa = PBXBuildFile; fileRef = 7C78269E2A34FC3A00668E7B /* covers.json */; };
		7C7826A32A34FC3A00668E7B /* animals.json in Resources */ = {isa = PBXBuildFile; fileRef = 7C78269F2A34FC3A00668E7B /* animals.json */; };
		7C7826A42A34FC3A00668E7B /* videos.json in Resources */ = {isa = PBXBuildFile; fileRef = 7C7826A02A34FC3A00668E7B /* videos.json */; };
		7C7826A52A34FC3A00668E7B /* locations.json in Resources */ = {isa = PBXBuildFile; fileRef = 7C7826A12A34FC3A00668E7B /* locations.json */; };
		7C7826A82A34FCFC00668E7B /* CoverImageView.swift in Sources */ = {isa = PBXBuildFile; fileRef = 7C7826A72A34FCFC00668E7B /* CoverImageView.swift */; };
		7C7826AB2A350A2200668E7B /* CoverImageModel.swift in Sources */ = {isa = PBXBuildFile; fileRef = 7C7826AA2A350A2200668E7B /* CoverImageModel.swift */; };
		7C7826AE2A351FB600668E7B /* CodableBundleExtention.swift in Sources */ = {isa = PBXBuildFile; fileRef = 7C7826AD2A351FB600668E7B /* CodableBundleExtention.swift */; };
		7C7826B02A35585400668E7B /* AnimalListItemView.swift in Sources */ = {isa = PBXBuildFile; fileRef = 7C7826AF2A35585400668E7B /* AnimalListItemView.swift */; };
/* End PBXBuildFile section */

/* Begin PBXFileReference section */
		7C47A63D2A348EEE00F6B104 /* Africa.app */ = {isa = PBXFileReference; explicitFileType = wrapper.application; includeInIndex = 0; path = Africa.app; sourceTree = BUILT_PRODUCTS_DIR; };
		7C47A6402A348EEE00F6B104 /* AfricaApp.swift */ = {isa = PBXFileReference; lastKnownFileType = sourcecode.swift; path = AfricaApp.swift; sourceTree = "<group>"; };
		7C47A6422A348EEE00F6B104 /* ContentView.swift */ = {isa = PBXFileReference; lastKnownFileType = sourcecode.swift; path = ContentView.swift; sourceTree = "<group>"; };
		7C47A6442A348EF000F6B104 /* Assets.xcassets */ = {isa = PBXFileReference; lastKnownFileType = folder.assetcatalog; path = Assets.xcassets; sourceTree = "<group>"; };
		7C47A6472A348EF000F6B104 /* Preview Assets.xcassets */ = {isa = PBXFileReference; lastKnownFileType = folder.assetcatalog; path = "Preview Assets.xcassets"; sourceTree = "<group>"; };
		7C7826742A34AC2200668E7B /* Info.plist */ = {isa = PBXFileReference; lastKnownFileType = text.plist; path = Info.plist; sourceTree = "<group>"; };
		7C7826762A34EC8600668E7B /* VideoListView.swift */ = {isa = PBXFileReference; lastKnownFileType = sourcecode.swift; path = VideoListView.swift; sourceTree = "<group>"; };
		7C7826782A34ECA400668E7B /* MapView.swift */ = {isa = PBXFileReference; lastKnownFileType = sourcecode.swift; path = MapView.swift; sourceTree = "<group>"; };
		7C78267A2A34ECB800668E7B /* GalleryView.swift */ = {isa = PBXFileReference; lastKnownFileType = sourcecode.swift; path = GalleryView.swift; sourceTree = "<group>"; };
		7C78267C2A34ECD700668E7B /* MainView.swift */ = {isa = PBXFileReference; lastKnownFileType = sourcecode.swift; path = MainView.swift; sourceTree = "<group>"; };
		7C7826892A34FC1100668E7B /* lion.mp4 */ = {isa = PBXFileReference; lastKnownFileType = file; path = lion.mp4; sourceTree = "<group>"; };
		7C78268A2A34FC1200668E7B /* ostrich.mp4 */ = {isa = PBXFileReference; lastKnownFileType = file; path = ostrich.mp4; sourceTree = "<group>"; };
		7C78268B2A34FC1200668E7B /* giraffe.mp4 */ = {isa = PBXFileReference; lastKnownFileType = file; path = giraffe.mp4; sourceTree = "<group>"; };
		7C78268C2A34FC1200668E7B /* cheetah.mp4 */ = {isa = PBXFileReference; lastKnownFileType = file; path = cheetah.mp4; sourceTree = "<group>"; };
		7C78268D2A34FC1300668E7B /* lioness.mp4 */ = {isa = PBXFileReference; lastKnownFileType = file; path = lioness.mp4; sourceTree = "<group>"; };
		7C78268E2A34FC1300668E7B /* hippo.mp4 */ = {isa = PBXFileReference; lastKnownFileType = file; path = hippo.mp4; sourceTree = "<group>"; };
		7C78268F2A34FC1300668E7B /* rhino.mp4 */ = {isa = PBXFileReference; lastKnownFileType = file; path = rhino.mp4; sourceTree = "<group>"; };
		7C7826902A34FC1300668E7B /* zebra.mp4 */ = {isa = PBXFileReference; lastKnownFileType = file; path = zebra.mp4; sourceTree = "<group>"; };
		7C7826912A34FC1400668E7B /* gorilla.mp4 */ = {isa = PBXFileReference; lastKnownFileType = file; path = gorilla.mp4; sourceTree = "<group>"; };
		7C7826922A34FC1400668E7B /* elephant.mp4 */ = {isa = PBXFileReference; lastKnownFileType = file; path = elephant.mp4; sourceTree = "<group>"; };
		7C78269E2A34FC3A00668E7B /* covers.json */ = {isa = PBXFileReference; fileEncoding = 4; lastKnownFileType = text.json; path = covers.json; sourceTree = "<group>"; };
		7C78269F2A34FC3A00668E7B /* animals.json */ = {isa = PBXFileReference; fileEncoding = 4; lastKnownFileType = text.json; path = animals.json; sourceTree = "<group>"; };
		7C7826A02A34FC3A00668E7B /* videos.json */ = {isa = PBXFileReference; fileEncoding = 4; lastKnownFileType = text.json; path = videos.json; sourceTree = "<group>"; };
		7C7826A12A34FC3A00668E7B /* locations.json */ = {isa = PBXFileReference; fileEncoding = 4; lastKnownFileType = text.json; path = locations.json; sourceTree = "<group>"; };
		7C7826A72A34FCFC00668E7B /* CoverImageView.swift */ = {isa = PBXFileReference; lastKnownFileType = sourcecode.swift; path = CoverImageView.swift; sourceTree = "<group>"; };
		7C7826AA2A350A2200668E7B /* CoverImageModel.swift */ = {isa = PBXFileReference; lastKnownFileType = sourcecode.swift; path = CoverImageModel.swift; sourceTree = "<group>"; };
		7C7826AD2A351FB600668E7B /* CodableBundleExtention.swift */ = {isa = PBXFileReference; lastKnownFileType = sourcecode.swift; path = CodableBundleExtention.swift; sourceTree = "<group>"; };
		7C7826AF2A35585400668E7B /* AnimalListItemView.swift */ = {isa = PBXFileReference; lastKnownFileType = sourcecode.swift; path = AnimalListItemView.swift; sourceTree = "<group>"; };
/* End PBXFileReference section */

/* Begin PBXFrameworksBuildPhase section */
		7C47A63A2A348EEE00F6B104 /* Frameworks */ = {
			isa = PBXFrameworksBuildPhase;
			buildActionMask = 2147483647;
			files = (
			);
			runOnlyForDeploymentPostprocessing = 0;
		};
/* End PBXFrameworksBuildPhase section */

/* Begin PBXGroup section */
		7C47A6342A348EEE00F6B104 = {
			isa = PBXGroup;
			children = (
				7C47A63F2A348EEE00F6B104 /* Africa */,
				7C47A63E2A348EEE00F6B104 /* Products */,
			);
			sourceTree = "<group>";
		};
		7C47A63E2A348EEE00F6B104 /* Products */ = {
			isa = PBXGroup;
			children = (
				7C47A63D2A348EEE00F6B104 /* Africa.app */,
			);
			name = Products;
			sourceTree = "<group>";
		};
		7C47A63F2A348EEE00F6B104 /* Africa */ = {
			isa = PBXGroup;
			children = (
				7C7826AC2A351FA200668E7B /* Extention */,
				7C7826A92A350A0B00668E7B /* Model */,
				7C7826A62A34FCC700668E7B /* View */,
				7C7826752A34EBB900668E7B /* App */,
				7C78269D2A34FC3200668E7B /* Data */,
				7C7826882A34FC0400668E7B /* Video */,
				7C47A6442A348EF000F6B104 /* Assets.xcassets */,
				7C7826742A34AC2200668E7B /* Info.plist */,
				7C47A6462A348EF000F6B104 /* Preview Content */,
			);
			path = Africa;
			sourceTree = "<group>";
		};
		7C47A6462A348EF000F6B104 /* Preview Content */ = {
			isa = PBXGroup;
			children = (
				7C47A6472A348EF000F6B104 /* Preview Assets.xcassets */,
			);
			path = "Preview Content";
			sourceTree = "<group>";
		};
		7C7826752A34EBB900668E7B /* App */ = {
			isa = PBXGroup;
			children = (
				7C47A6402A348EEE00F6B104 /* AfricaApp.swift */,
				7C47A6422A348EEE00F6B104 /* ContentView.swift */,
				7C7826762A34EC8600668E7B /* VideoListView.swift */,
				7C7826782A34ECA400668E7B /* MapView.swift */,
				7C78267A2A34ECB800668E7B /* GalleryView.swift */,
				7C78267C2A34ECD700668E7B /* MainView.swift */,
			);
			path = App;
			sourceTree = "<group>";
		};
		7C7826882A34FC0400668E7B /* Video */ = {
			isa = PBXGroup;
			children = (
				7C78268C2A34FC1200668E7B /* cheetah.mp4 */,
				7C7826922A34FC1400668E7B /* elephant.mp4 */,
				7C78268B2A34FC1200668E7B /* giraffe.mp4 */,
				7C7826912A34FC1400668E7B /* gorilla.mp4 */,
				7C78268E2A34FC1300668E7B /* hippo.mp4 */,
				7C7826892A34FC1100668E7B /* lion.mp4 */,
				7C78268D2A34FC1300668E7B /* lioness.mp4 */,
				7C78268A2A34FC1200668E7B /* ostrich.mp4 */,
				7C78268F2A34FC1300668E7B /* rhino.mp4 */,
				7C7826902A34FC1300668E7B /* zebra.mp4 */,
			);
			path = Video;
			sourceTree = "<group>";
		};
		7C78269D2A34FC3200668E7B /* Data */ = {
			isa = PBXGroup;
			children = (
				7C78269F2A34FC3A00668E7B /* animals.json */,
				7C78269E2A34FC3A00668E7B /* covers.json */,
				7C7826A12A34FC3A00668E7B /* locations.json */,
				7C7826A02A34FC3A00668E7B /* videos.json */,
			);
			path = Data;
			sourceTree = "<group>";
		};
		7C7826A62A34FCC700668E7B /* View */ = {
			isa = PBXGroup;
			children = (
				7C7826A72A34FCFC00668E7B /* CoverImageView.swift */,
				7C7826AF2A35585400668E7B /* AnimalListItemView.swift */,
			);
			path = View;
			sourceTree = "<group>";
		};
		7C7826A92A350A0B00668E7B /* Model */ = {
			isa = PBXGroup;
			children = (
				7C7826AA2A350A2200668E7B /* CoverImageModel.swift */,
			);
			path = Model;
			sourceTree = "<group>";
		};
		7C7826AC2A351FA200668E7B /* Extention */ = {
			isa = PBXGroup;
			children = (
				7C7826AD2A351FB600668E7B /* CodableBundleExtention.swift */,
			);
			path = Extention;
			sourceTree = "<group>";
		};
/* End PBXGroup section */

/* Begin PBXNativeTarget section */
		7C47A63C2A348EEE00F6B104 /* Africa */ = {
			isa = PBXNativeTarget;
			buildConfigurationList = 7C47A64B2A348EF000F6B104 /* Build configuration list for PBXNativeTarget "Africa" */;
			buildPhases = (
				7C47A6392A348EEE00F6B104 /* Sources */,
				7C47A63A2A348EEE00F6B104 /* Frameworks */,
				7C47A63B2A348EEE00F6B104 /* Resources */,
			);
			buildRules = (
			);
			dependencies = (
			);
			name = Africa;
			productName = Africa;
			productReference = 7C47A63D2A348EEE00F6B104 /* Africa.app */;
			productType = "com.apple.product-type.application";
		};
/* End PBXNativeTarget section */

/* Begin PBXProject section */
		7C47A6352A348EEE00F6B104 /* Project object */ = {
			isa = PBXProject;
			attributes = {
				BuildIndependentTargetsInParallel = 1;
				LastSwiftUpdateCheck = 1430;
				LastUpgradeCheck = 1430;
				TargetAttributes = {
					7C47A63C2A348EEE00F6B104 = {
						CreatedOnToolsVersion = 14.3.1;
					};
				};
			};
			buildConfigurationList = 7C47A6382A348EEE00F6B104 /* Build configuration list for PBXProject "Africa" */;
			compatibilityVersion = "Xcode 14.0";
			developmentRegion = en;
			hasScannedForEncodings = 0;
			knownRegions = (
				en,
				Base,
			);
			mainGroup = 7C47A6342A348EEE00F6B104;
			productRefGroup = 7C47A63E2A348EEE00F6B104 /* Products */;
			projectDirPath = "";
			projectRoot = "";
			targets = (
				7C47A63C2A348EEE00F6B104 /* Africa */,
			);
		};
/* End PBXProject section */

/* Begin PBXResourcesBuildPhase section */
		7C47A63B2A348EEE00F6B104 /* Resources */ = {
			isa = PBXResourcesBuildPhase;
			buildActionMask = 2147483647;
			files = (
				7C7826A22A34FC3A00668E7B /* covers.json in Resources */,
				7C47A6482A348EF000F6B104 /* Preview Assets.xcassets in Resources */,
				7C7826A52A34FC3A00668E7B /* locations.json in Resources */,
				7C7826A42A34FC3A00668E7B /* videos.json in Resources */,
				7C7826972A34FC1400668E7B /* lioness.mp4 in Resources */,
				7C7826932A34FC1400668E7B /* lion.mp4 in Resources */,
				7C7826982A34FC1400668E7B /* hippo.mp4 in Resources */,
				7C78269B2A34FC1400668E7B /* gorilla.mp4 in Resources */,
				7C7826992A34FC1400668E7B /* rhino.mp4 in Resources */,
				7C7826A32A34FC3A00668E7B /* animals.json in Resources */,
				7C47A6452A348EF000F6B104 /* Assets.xcassets in Resources */,
				7C7826962A34FC1400668E7B /* cheetah.mp4 in Resources */,
				7C7826942A34FC1400668E7B /* ostrich.mp4 in Resources */,
				7C78269C2A34FC1400668E7B /* elephant.mp4 in Resources */,
				7C78269A2A34FC1400668E7B /* zebra.mp4 in Resources */,
				7C7826952A34FC1400668E7B /* giraffe.mp4 in Resources */,
			);
			runOnlyForDeploymentPostprocessing = 0;
		};
/* End PBXResourcesBuildPhase section */

/* Begin PBXSourcesBuildPhase section */
		7C47A6392A348EEE00F6B104 /* Sources */ = {
			isa = PBXSourcesBuildPhase;
			buildActionMask = 2147483647;
			files = (
				7C47A6432A348EEE00F6B104 /* ContentView.swift in Sources */,
				7C7826B02A35585400668E7B /* AnimalListItemView.swift in Sources */,
				7C78267D2A34ECD700668E7B /* MainView.swift in Sources */,
				7C7826A82A34FCFC00668E7B /* CoverImageView.swift in Sources */,
				7C7826AB2A350A2200668E7B /* CoverImageModel.swift in Sources */,
				7C7826792A34ECA400668E7B /* MapView.swift in Sources */,
				7C7826AE2A351FB600668E7B /* CodableBundleExtention.swift in Sources */,
				7C47A6412A348EEE00F6B104 /* AfricaApp.swift in Sources */,
				7C7826772A34EC8600668E7B /* VideoListView.swift in Sources */,
				7C78267B2A34ECB800668E7B /* GalleryView.swift in Sources */,
			);
			runOnlyForDeploymentPostprocessing = 0;
		};
/* End PBXSourcesBuildPhase section */

/* Begin XCBuildConfiguration section */
		7C47A6492A348EF000F6B104 /* Debug */ = {
			isa = XCBuildConfiguration;
			buildSettings = {
				ALWAYS_SEARCH_USER_PATHS = NO;
				CLANG_ANALYZER_NONNULL = YES;
				CLANG_ANALYZER_NUMBER_OBJECT_CONVERSION = YES_AGGRESSIVE;
				CLANG_CXX_LANGUAGE_STANDARD = "gnu++20";
				CLANG_ENABLE_MODULES = YES;
				CLANG_ENABLE_OBJC_ARC = YES;
				CLANG_ENABLE_OBJC_WEAK = YES;
				CLANG_WARN_BLOCK_CAPTURE_AUTORELEASING = YES;
				CLANG_WARN_BOOL_CONVERSION = YES;
				CLANG_WARN_COMMA = YES;
				CLANG_WARN_CONSTANT_CONVERSION = YES;
				CLANG_WARN_DEPRECATED_OBJC_IMPLEMENTATIONS = YES;
				CLANG_WARN_DIRECT_OBJC_ISA_USAGE = YES_ERROR;
				CLANG_WARN_DOCUMENTATION_COMMENTS = YES;
				CLANG_WARN_EMPTY_BODY = YES;
				CLANG_WARN_ENUM_CONVERSION = YES;
				CLANG_WARN_INFINITE_RECURSION = YES;
				CLANG_WARN_INT_CONVERSION = YES;
				CLANG_WARN_NON_LITERAL_NULL_CONVERSION = YES;
				CLANG_WARN_OBJC_IMPLICIT_RETAIN_SELF = YES;
				CLANG_WARN_OBJC_LITERAL_CONVERSION = YES;
				CLANG_WARN_OBJC_ROOT_CLASS = YES_ERROR;
				CLANG_WARN_QUOTED_INCLUDE_IN_FRAMEWORK_HEADER = YES;
				CLANG_WARN_RANGE_LOOP_ANALYSIS = YES;
				CLANG_WARN_STRICT_PROTOTYPES = YES;
				CLANG_WARN_SUSPICIOUS_MOVE = YES;
				CLANG_WARN_UNGUARDED_AVAILABILITY = YES_AGGRESSIVE;
				CLANG_WARN_UNREACHABLE_CODE = YES;
				CLANG_WARN__DUPLICATE_METHOD_MATCH = YES;
				COPY_PHASE_STRIP = NO;
				DEBUG_INFORMATION_FORMAT = dwarf;
				ENABLE_STRICT_OBJC_MSGSEND = YES;
				ENABLE_TESTABILITY = YES;
				GCC_C_LANGUAGE_STANDARD = gnu11;
				GCC_DYNAMIC_NO_PIC = NO;
				GCC_NO_COMMON_BLOCKS = YES;
				GCC_OPTIMIZATION_LEVEL = 0;
				GCC_PREPROCESSOR_DEFINITIONS = (
					"DEBUG=1",
					"$(inherited)",
				);
				GCC_WARN_64_TO_32_BIT_CONVERSION = YES;
				GCC_WARN_ABOUT_RETURN_TYPE = YES_ERROR;
				GCC_WARN_UNDECLARED_SELECTOR = YES;
				GCC_WARN_UNINITIALIZED_AUTOS = YES_AGGRESSIVE;
				GCC_WARN_UNUSED_FUNCTION = YES;
				GCC_WARN_UNUSED_VARIABLE = YES;
				IPHONEOS_DEPLOYMENT_TARGET = 16.4;
				MTL_ENABLE_DEBUG_INFO = INCLUDE_SOURCE;
				MTL_FAST_MATH = YES;
				ONLY_ACTIVE_ARCH = YES;
				SDKROOT = iphoneos;
				SWIFT_ACTIVE_COMPILATION_CONDITIONS = DEBUG;
				SWIFT_OPTIMIZATION_LEVEL = "-Onone";
			};
			name = Debug;
		};
		7C47A64A2A348EF000F6B104 /* Release */ = {
			isa = XCBuildConfiguration;
			buildSettings = {
				ALWAYS_SEARCH_USER_PATHS = NO;
				CLANG_ANALYZER_NONNULL = YES;
				CLANG_ANALYZER_NUMBER_OBJECT_CONVERSION = YES_AGGRESSIVE;
				CLANG_CXX_LANGUAGE_STANDARD = "gnu++20";
				CLANG_ENABLE_MODULES = YES;
				CLANG_ENABLE_OBJC_ARC = YES;
				CLANG_ENABLE_OBJC_WEAK = YES;
				CLANG_WARN_BLOCK_CAPTURE_AUTORELEASING = YES;
				CLANG_WARN_BOOL_CONVERSION = YES;
				CLANG_WARN_COMMA = YES;
				CLANG_WARN_CONSTANT_CONVERSION = YES;
				CLANG_WARN_DEPRECATED_OBJC_IMPLEMENTATIONS = YES;
				CLANG_WARN_DIRECT_OBJC_ISA_USAGE = YES_ERROR;
				CLANG_WARN_DOCUMENTATION_COMMENTS = YES;
				CLANG_WARN_EMPTY_BODY = YES;
				CLANG_WARN_ENUM_CONVERSION = YES;
				CLANG_WARN_INFINITE_RECURSION = YES;
				CLANG_WARN_INT_CONVERSION = YES;
				CLANG_WARN_NON_LITERAL_NULL_CONVERSION = YES;
				CLANG_WARN_OBJC_IMPLICIT_RETAIN_SELF = YES;
				CLANG_WARN_OBJC_LITERAL_CONVERSION = YES;
				CLANG_WARN_OBJC_ROOT_CLASS = YES_ERROR;
				CLANG_WARN_QUOTED_INCLUDE_IN_FRAMEWORK_HEADER = YES;
				CLANG_WARN_RANGE_LOOP_ANALYSIS = YES;
				CLANG_WARN_STRICT_PROTOTYPES = YES;
				CLANG_WARN_SUSPICIOUS_MOVE = YES;
				CLANG_WARN_UNGUARDED_AVAILABILITY = YES_AGGRESSIVE;
				CLANG_WARN_UNREACHABLE_CODE = YES;
				CLANG_WARN__DUPLICATE_METHOD_MATCH = YES;
				COPY_PHASE_STRIP = NO;
				DEBUG_INFORMATION_FORMAT = "dwarf-with-dsym";
				ENABLE_NS_ASSERTIONS = NO;
				ENABLE_STRICT_OBJC_MSGSEND = YES;
				GCC_C_LANGUAGE_STANDARD = gnu11;
				GCC_NO_COMMON_BLOCKS = YES;
				GCC_WARN_64_TO_32_BIT_CONVERSION = YES;
				GCC_WARN_ABOUT_RETURN_TYPE = YES_ERROR;
				GCC_WARN_UNDECLARED_SELECTOR = YES;
				GCC_WARN_UNINITIALIZED_AUTOS = YES_AGGRESSIVE;
				GCC_WARN_UNUSED_FUNCTION = YES;
				GCC_WARN_UNUSED_VARIABLE = YES;
				IPHONEOS_DEPLOYMENT_TARGET = 16.4;
				MTL_ENABLE_DEBUG_INFO = NO;
				MTL_FAST_MATH = YES;
				SDKROOT = iphoneos;
				SWIFT_COMPILATION_MODE = wholemodule;
				SWIFT_OPTIMIZATION_LEVEL = "-O";
				VALIDATE_PRODUCT = YES;
			};
			name = Release;
		};
		7C47A64C2A348EF000F6B104 /* Debug */ = {
			isa = XCBuildConfiguration;
			buildSettings = {
				ASSETCATALOG_COMPILER_APPICON_NAME = AppIcon;
				ASSETCATALOG_COMPILER_GLOBAL_ACCENT_COLOR_NAME = AccentColor;
				CODE_SIGN_STYLE = Automatic;
				CURRENT_PROJECT_VERSION = 1;
				DEVELOPMENT_ASSET_PATHS = "\"Africa/Preview Content\"";
				DEVELOPMENT_TEAM = G3TMK8KB93;
				ENABLE_PREVIEWS = YES;
				GENERATE_INFOPLIST_FILE = YES;
				INFOPLIST_FILE = Africa/Info.plist;
				INFOPLIST_KEY_UIApplicationSceneManifest_Generation = YES;
				INFOPLIST_KEY_UIApplicationSupportsIndirectInputEvents = YES;
				INFOPLIST_KEY_UISupportedInterfaceOrientations_iPad = "UIInterfaceOrientationPortrait UIInterfaceOrientationPortraitUpsideDown UIInterfaceOrientationLandscapeLeft UIInterfaceOrientationLandscapeRight";
				INFOPLIST_KEY_UISupportedInterfaceOrientations_iPhone = "UIInterfaceOrientationPortrait UIInterfaceOrientationLandscapeLeft UIInterfaceOrientationLandscapeRight";
				INFOPLIST_KEY_UIUserInterfaceStyle = Dark;
				LD_RUNPATH_SEARCH_PATHS = (
					"$(inherited)",
					"@executable_path/Frameworks",
				);
				MARKETING_VERSION = 1.0;
				PRODUCT_BUNDLE_IDENTIFIER = com.ehsanApp.Africa;
				PRODUCT_NAME = "$(TARGET_NAME)";
				SWIFT_EMIT_LOC_STRINGS = YES;
				SWIFT_VERSION = 5.0;
				TARGETED_DEVICE_FAMILY = "1,2";
			};
			name = Debug;
		};
		7C47A64D2A348EF000F6B104 /* Release */ = {
			isa = XCBuildConfiguration;
			buildSettings = {
				ASSETCATALOG_COMPILER_APPICON_NAME = AppIcon;
				ASSETCATALOG_COMPILER_GLOBAL_ACCENT_COLOR_NAME = AccentColor;
				CODE_SIGN_STYLE = Automatic;
				CURRENT_PROJECT_VERSION = 1;
				DEVELOPMENT_ASSET_PATHS = "\"Africa/Preview Content\"";
				DEVELOPMENT_TEAM = G3TMK8KB93;
				ENABLE_PREVIEWS = YES;
				GENERATE_INFOPLIST_FILE = YES;
				INFOPLIST_FILE = Africa/Info.plist;
				INFOPLIST_KEY_UIApplicationSceneManifest_Generation = YES;
				INFOPLIST_KEY_UIApplicationSupportsIndirectInputEvents = YES;
				INFOPLIST_KEY_UISupportedInterfaceOrientations_iPad = "UIInterfaceOrientationPortrait UIInterfaceOrientationPortraitUpsideDown UIInterfaceOrientationLandscapeLeft UIInterfaceOrientationLandscapeRight";
				INFOPLIST_KEY_UISupportedInterfaceOrientations_iPhone = "UIInterfaceOrientationPortrait UIInterfaceOrientationLandscapeLeft UIInterfaceOrientationLandscapeRight";
				INFOPLIST_KEY_UIUserInterfaceStyle = Dark;
				LD_RUNPATH_SEARCH_PATHS = (
					"$(inherited)",
					"@executable_path/Frameworks",
				);
				MARKETING_VERSION = 1.0;
				PRODUCT_BUNDLE_IDENTIFIER = com.ehsanApp.Africa;
				PRODUCT_NAME = "$(TARGET_NAME)";
				SWIFT_EMIT_LOC_STRINGS = YES;
				SWIFT_VERSION = 5.0;
				TARGETED_DEVICE_FAMILY = "1,2";
			};
			name = Release;
		};
/* End XCBuildConfiguration section */

/* Begin XCConfigurationList section */
		7C47A6382A348EEE00F6B104 /* Build configuration list for PBXProject "Africa" */ = {
			isa = XCConfigurationList;
			buildConfigurations = (
				7C47A6492A348EF000F6B104 /* Debug */,
				7C47A64A2A348EF000F6B104 /* Release */,
			);
			defaultConfigurationIsVisible = 0;
			defaultConfigurationName = Release;
		};
		7C47A64B2A348EF000F6B104 /* Build configuration list for PBXNativeTarget "Africa" */ = {
			isa = XCConfigurationList;
			buildConfigurations = (
				7C47A64C2A348EF000F6B104 /* Debug */,
				7C47A64D2A348EF000F6B104 /* Release */,
			);
			defaultConfigurationIsVisible = 0;
			defaultConfigurationName = Release;
		};
/* End XCConfigurationList section */
	};
	rootObject = 7C47A6352A348EEE00F6B104 /* Project object */;
}
